
Microsoft Visual Studio Solution File, Format Version 12.00
# Visual Studio 2013
VisualStudioVersion = 12.0.31101.0
MinimumVisualStudioVersion = 10.0.40219.1
Project("{FAE04EC0-301F-11D3-BF4B-00C04F79EFBC}") = "yalms", "yalms\yalms.csproj", "{DDA8724F-B573-403A-B4F1-91E8F74404E6}"
EndProject
Project("{FAE04EC0-301F-11D3-BF4B-00C04F79EFBC}") = "yalms.Tests", "yalms.Tests\yalms.Tests.csproj", "{0A84859B-34CA-4018-B8C1-380AED943232}"
EndProject
Project("{2150E333-8FDC-42A3-9474-1A3956D46DE8}") = ".nuget", ".nuget", "{A181199E-B9CD-4F2E-9A4E-5E7847F02EB1}"
	ProjectSection(SolutionItems) = preProject
		.nuget\packages.config = .nuget\packages.config
	EndProjectSection
EndProject
Global
	GlobalSection(SolutionConfigurationPlatforms) = preSolution
		Debug|Any CPU = Debug|Any CPU
		Release|Any CPU = Release|Any CPU
	EndGlobalSection
	GlobalSection(ProjectConfigurationPlatforms) = postSolution
		{DDA8724F-B573-403A-B4F1-91E8F74404E6}.Debug|Any CPU.ActiveCfg = Debug|Any CPU
		{DDA8724F-B573-403A-B4F1-91E8F74404E6}.Debug|Any CPU.Build.0 = Debug|Any CPU
		{DDA8724F-B573-403A-B4F1-91E8F74404E6}.Release|Any CPU.ActiveCfg = Release|Any CPU
		{DDA8724F-B573-403A-B4F1-91E8F74404E6}.Release|Any CPU.Build.0 = Release|Any CPU
		{0A84859B-34CA-4018-B8C1-380AED943232}.Debug|Any CPU.ActiveCfg = Debug|Any CPU
		{0A84859B-34CA-4018-B8C1-380AED943232}.Debug|Any CPU.Build.0 = Debug|Any CPU
		{0A84859B-34CA-4018-B8C1-380AED943232}.Release|Any CPU.ActiveCfg = Release|Any CPU
		{0A84859B-34CA-4018-B8C1-380AED943232}.Release|Any CPU.Build.0 = Release|Any CPU
	EndGlobalSection
	GlobalSection(SolutionProperties) = preSolution
		HideSolutionNode = FALSE
	EndGlobalSection
EndGlobal
